
Microsoft Visual Studio Solution File, Format Version 12.00
# Visual Studio Version 16
VisualStudioVersion = 16.0.31515.178
MinimumVisualStudioVersion = 10.0.40219.1
Project("{FAE04EC0-301F-11D3-BF4B-00C04F79EFBC}") = "OSTool", "OSTool.csproj", "{DB35A24F-37B2-49D0-9106-0B89A094212A}"
EndProject
Project("{FAE04EC0-301F-11D3-BF4B-00C04F79EFBC}") = "OSTool.Core", "..\OSTool.Core\OSTool.Core.csproj", "{CAAF9555-697C-49CF-8EAE-BBB4FAF1E32E}"
EndProject
Project("{FAE04EC0-301F-11D3-BF4B-00C04F79EFBC}") = "OSTool.CoreExtension", "..\OSTool.CoreExtension\OSTool.CoreExtension.csproj", "{4DFE8C82-3CE4-42AB-9F85-3EEFE8093F7E}"
EndProject
Global
	GlobalSection(SolutionConfigurationPlatforms) = preSolution
		Debug|Any CPU = Debug|Any CPU
		Release|Any CPU = Release|Any CPU
	EndGlobalSection
	GlobalSection(ProjectConfigurationPlatforms) = postSolution
		{DB35A24F-37B2-49D0-9106-0B89A094212A}.Debug|Any CPU.ActiveCfg = Debug|Any CPU
		{DB35A24F-37B2-49D0-9106-0B89A094212A}.Debug|Any CPU.Build.0 = Debug|Any CPU
		{DB35A24F-37B2-49D0-9106-0B89A094212A}.Release|Any CPU.ActiveCfg = Release|Any CPU
		{DB35A24F-37B2-49D0-9106-0B89A094212A}.Release|Any CPU.Build.0 = Release|Any CPU
		{CAAF9555-697C-49CF-8EAE-BBB4FAF1E32E}.Debug|Any CPU.ActiveCfg = Debug|Any CPU
		{CAAF9555-697C-49CF-8EAE-BBB4FAF1E32E}.Debug|Any CPU.Build.0 = Debug|Any CPU
		{CAAF9555-697C-49CF-8EAE-BBB4FAF1E32E}.Release|Any CPU.ActiveCfg = Release|Any CPU
		{CAAF9555-697C-49CF-8EAE-BBB4FAF1E32E}.Release|Any CPU.Build.0 = Release|Any CPU
		{4DFE8C82-3CE4-42AB-9F85-3EEFE8093F7E}.Debug|Any CPU.ActiveCfg = Debug|Any CPU
		{4DFE8C82-3CE4-42AB-9F85-3EEFE8093F7E}.Debug|Any CPU.Build.0 = Debug|Any CPU
		{4DFE8C82-3CE4-42AB-9F85-3EEFE8093F7E}.Release|Any CPU.ActiveCfg = Release|Any CPU
		{4DFE8C82-3CE4-42AB-9F85-3EEFE8093F7E}.Release|Any CPU.Build.0 = Release|Any CPU
	EndGlobalSection
	GlobalSection(SolutionProperties) = preSolution
		HideSolutionNode = FALSE
	EndGlobalSection
	GlobalSection(ExtensibilityGlobals) = postSolution
		SolutionGuid = {19BEE0CF-5AA5-4A1C-A1C6-8406C518FF8C}
	EndGlobalSection
EndGlobal
